
Microsoft Visual Studio Solution File, Format Version 12.00
# Visual Studio 2013
VisualStudioVersion = 12.0.40629.0
MinimumVisualStudioVersion = 10.0.40219.1
Project("{FAE04EC0-301F-11D3-BF4B-00C04F79EFBC}") = "OnlineGobang", "OnlineGobang\OnlineGobang.csproj", "{7C9F72DE-66AC-4FD7-BBC6-31EE653C1868}"
EndProject
Project("{FAE04EC0-301F-11D3-BF4B-00C04F79EFBC}") = "GoBangServer", "GoBangServer\GoBangServer.csproj", "{CC0EA654-D1F3-476C-82FD-15F82A978ED7}"
EndProject
Global
	GlobalSection(SolutionConfigurationPlatforms) = preSolution
		Debug|Any CPU = Debug|Any CPU
		Release|Any CPU = Release|Any CPU
	EndGlobalSection
	GlobalSection(ProjectConfigurationPlatforms) = postSolution
		{7C9F72DE-66AC-4FD7-BBC6-31EE653C1868}.Debug|Any CPU.ActiveCfg = Debug|Any CPU
		{7C9F72DE-66AC-4FD7-BBC6-31EE653C1868}.Debug|Any CPU.Build.0 = Debug|Any CPU
		{7C9F72DE-66AC-4FD7-BBC6-31EE653C1868}.Release|Any CPU.ActiveCfg = Release|Any CPU
		{7C9F72DE-66AC-4FD7-BBC6-31EE653C1868}.Release|Any CPU.Build.0 = Release|Any CPU
		{CC0EA654-D1F3-476C-82FD-15F82A978ED7}.Debug|Any CPU.ActiveCfg = Debug|Any CPU
		{CC0EA654-D1F3-476C-82FD-15F82A978ED7}.Debug|Any CPU.Build.0 = Debug|Any CPU
		{CC0EA654-D1F3-476C-82FD-15F82A978ED7}.Release|Any CPU.ActiveCfg = Release|Any CPU
		{CC0EA654-D1F3-476C-82FD-15F82A978ED7}.Release|Any CPU.Build.0 = Release|Any CPU
	EndGlobalSection
	GlobalSection(SolutionProperties) = preSolution
		HideSolutionNode = FALSE
	EndGlobalSection
EndGlobal
